
Microsoft Visual Studio Solution File, Format Version 12.00
# Visual Studio 15
VisualStudioVersion = 15.0.27428.1
MinimumVisualStudioVersion = 10.0.40219.1
Project("{FAE04EC0-301F-11D3-BF4B-00C04F79EFBC}") = "MyImagesApp", "MyImagesApp\MyImagesApp.csproj", "{11427389-5388-47A4-B449-50F94953B15D}"
EndProject
Global
	GlobalSection(SolutionConfigurationPlatforms) = preSolution
		Debug|Any CPU = Debug|Any CPU
		Release|Any CPU = Release|Any CPU
	EndGlobalSection
	GlobalSection(ProjectConfigurationPlatforms) = postSolution
		{11427389-5388-47A4-B449-50F94953B15D}.Debug|Any CPU.ActiveCfg = Debug|Any CPU
		{11427389-5388-47A4-B449-50F94953B15D}.Debug|Any CPU.Build.0 = Debug|Any CPU
		{11427389-5388-47A4-B449-50F94953B15D}.Release|Any CPU.ActiveCfg = Release|Any CPU
		{11427389-5388-47A4-B449-50F94953B15D}.Release|Any CPU.Build.0 = Release|Any CPU
	EndGlobalSection
	GlobalSection(SolutionProperties) = preSolution
		HideSolutionNode = FALSE
	EndGlobalSection
	GlobalSection(ExtensibilityGlobals) = postSolution
		SolutionGuid = {D5CC1771-4B59-43F9-99B3-964A714FF1D9}
	EndGlobalSection
EndGlobal
